// !$*UTF8*$!
{
	archiveVersion = 1;
	classes = {
	};
	objectVersion = 56;
	objects = {

/* Begin PBXBuildFile section */
		142072BC2901800800A5E497 /* NewsView.swift in Sources */ = {isa = PBXBuildFile; fileRef = 142072BB2901800800A5E497 /* NewsView.swift */; };
		142072BE2901909600A5E497 /* News.swift in Sources */ = {isa = PBXBuildFile; fileRef = 142072BD2901909600A5E497 /* News.swift */; };
		147C41352900150100957284 /* View_0.swift in Sources */ = {isa = PBXBuildFile; fileRef = 147C41342900150100957284 /* View_0.swift */; };
		147C41372900275200957284 /* WheaterView.swift in Sources */ = {isa = PBXBuildFile; fileRef = 147C41362900275200957284 /* WheaterView.swift */; };
		147C41392900379F00957284 /* MadrugaView.swift in Sources */ = {isa = PBXBuildFile; fileRef = 147C41382900379F00957284 /* MadrugaView.swift */; };
		147C413D29003E6B00957284 /* Phrase.swift in Sources */ = {isa = PBXBuildFile; fileRef = 147C413C29003E6B00957284 /* Phrase.swift */; };
		147C413F2900433B00957284 /* MadrugaDetailsView.swift in Sources */ = {isa = PBXBuildFile; fileRef = 147C413E2900433B00957284 /* MadrugaDetailsView.swift */; };
		148687A728FF5AA7000C3EBA /* Create.swift in Sources */ = {isa = PBXBuildFile; fileRef = 148687A628FF5AA7000C3EBA /* Create.swift */; };
		148687A928FF60F7000C3EBA /* Assets.swift in Sources */ = {isa = PBXBuildFile; fileRef = 148687A828FF60F7000C3EBA /* Assets.swift */; };
		14C76FF32901924900161086 /* NetWork.swift in Sources */ = {isa = PBXBuildFile; fileRef = 14C76FF22901924900161086 /* NetWork.swift */; };
		14C76FF62901939800161086 /* NewsViewModel.swift in Sources */ = {isa = PBXBuildFile; fileRef = 14C76FF52901939800161086 /* NewsViewModel.swift */; };
		14C76FF92901A7C200161086 /* View_5.swift in Sources */ = {isa = PBXBuildFile; fileRef = 14C76FF82901A7C200161086 /* View_5.swift */; };
		14D4D25328FF2357009DA777 /* swiftUI_2App.swift in Sources */ = {isa = PBXBuildFile; fileRef = 14D4D25228FF2357009DA777 /* swiftUI_2App.swift */; };
		14D4D25728FF2359009DA777 /* Assets.xcassets in Resources */ = {isa = PBXBuildFile; fileRef = 14D4D25628FF2359009DA777 /* Assets.xcassets */; };
		14D4D25A28FF2359009DA777 /* Preview Assets.xcassets in Resources */ = {isa = PBXBuildFile; fileRef = 14D4D25928FF2359009DA777 /* Preview Assets.xcassets */; };
/* End PBXBuildFile section */

/* Begin PBXFileReference section */
		142072BB2901800800A5E497 /* NewsView.swift */ = {isa = PBXFileReference; lastKnownFileType = sourcecode.swift; path = NewsView.swift; sourceTree = "<group>"; };
		142072BD2901909600A5E497 /* News.swift */ = {isa = PBXFileReference; lastKnownFileType = sourcecode.swift; path = News.swift; sourceTree = "<group>"; };
		147C41342900150100957284 /* View_0.swift */ = {isa = PBXFileReference; lastKnownFileType = sourcecode.swift; path = View_0.swift; sourceTree = "<group>"; };
		147C41362900275200957284 /* WheaterView.swift */ = {isa = PBXFileReference; lastKnownFileType = sourcecode.swift; path = WheaterView.swift; sourceTree = "<group>"; };
		147C41382900379F00957284 /* MadrugaView.swift */ = {isa = PBXFileReference; lastKnownFileType = sourcecode.swift; path = MadrugaView.swift; sourceTree = "<group>"; };
		147C413C29003E6B00957284 /* Phrase.swift */ = {isa = PBXFileReference; lastKnownFileType = sourcecode.swift; path = Phrase.swift; sourceTree = "<group>"; };
		147C413E2900433B00957284 /* MadrugaDetailsView.swift */ = {isa = PBXFileReference; lastKnownFileType = sourcecode.swift; path = MadrugaDetailsView.swift; sourceTree = "<group>"; };
		148687A628FF5AA7000C3EBA /* Create.swift */ = {isa = PBXFileReference; lastKnownFileType = sourcecode.swift; path = Create.swift; sourceTree = "<group>"; };
		148687A828FF60F7000C3EBA /* Assets.swift */ = {isa = PBXFileReference; lastKnownFileType = sourcecode.swift; path = Assets.swift; sourceTree = "<group>"; };
		14C76FF22901924900161086 /* NetWork.swift */ = {isa = PBXFileReference; lastKnownFileType = sourcecode.swift; path = NetWork.swift; sourceTree = "<group>"; };
		14C76FF52901939800161086 /* NewsViewModel.swift */ = {isa = PBXFileReference; lastKnownFileType = sourcecode.swift; path = NewsViewModel.swift; sourceTree = "<group>"; };
		14C76FF82901A7C200161086 /* View_5.swift */ = {isa = PBXFileReference; lastKnownFileType = sourcecode.swift; path = View_5.swift; sourceTree = "<group>"; };
		14D4D24F28FF2357009DA777 /* swiftUI_2.app */ = {isa = PBXFileReference; explicitFileType = wrapper.application; includeInIndex = 0; path = swiftUI_2.app; sourceTree = BUILT_PRODUCTS_DIR; };
		14D4D25228FF2357009DA777 /* swiftUI_2App.swift */ = {isa = PBXFileReference; lastKnownFileType = sourcecode.swift; path = swiftUI_2App.swift; sourceTree = "<group>"; };
		14D4D25628FF2359009DA777 /* Assets.xcassets */ = {isa = PBXFileReference; lastKnownFileType = folder.assetcatalog; path = Assets.xcassets; sourceTree = "<group>"; };
		14D4D25928FF2359009DA777 /* Preview Assets.xcassets */ = {isa = PBXFileReference; lastKnownFileType = folder.assetcatalog; path = "Preview Assets.xcassets"; sourceTree = "<group>"; };
/* End PBXFileReference section */

/* Begin PBXFrameworksBuildPhase section */
		14D4D24C28FF2357009DA777 /* Frameworks */ = {
			isa = PBXFrameworksBuildPhase;
			buildActionMask = 2147483647;
			files = (
			);
			runOnlyForDeploymentPostprocessing = 0;
		};
/* End PBXFrameworksBuildPhase section */

/* Begin PBXGroup section */
		147C413A29003E5200957284 /* NetWork */ = {
			isa = PBXGroup;
			children = (
				147C413B29003E5B00957284 /* Model */,
				14C76FF22901924900161086 /* NetWork.swift */,
			);
			path = NetWork;
			sourceTree = "<group>";
		};
		147C413B29003E5B00957284 /* Model */ = {
			isa = PBXGroup;
			children = (
				147C413C29003E6B00957284 /* Phrase.swift */,
				142072BD2901909600A5E497 /* News.swift */,
			);
			path = Model;
			sourceTree = "<group>";
		};
		148687A428FF5A8A000C3EBA /* AppDelegate */ = {
			isa = PBXGroup;
			children = (
				14D4D25228FF2357009DA777 /* swiftUI_2App.swift */,
			);
			path = AppDelegate;
			sourceTree = "<group>";
		};
		148687A528FF5A96000C3EBA /* AppUtils */ = {
			isa = PBXGroup;
			children = (
				147C413A29003E5200957284 /* NetWork */,
				148687AA28FF60FA000C3EBA /* Assets */,
				148687A628FF5AA7000C3EBA /* Create.swift */,
			);
			path = AppUtils;
			sourceTree = "<group>";
		};
		148687AA28FF60FA000C3EBA /* Assets */ = {
			isa = PBXGroup;
			children = (
				14D4D25628FF2359009DA777 /* Assets.xcassets */,
				148687A828FF60F7000C3EBA /* Assets.swift */,
			);
			path = Assets;
			sourceTree = "<group>";
		};
		14C76FF7290199CC00161086 /* News */ = {
			isa = PBXGroup;
			children = (
				142072BB2901800800A5E497 /* NewsView.swift */,
				14C76FF52901939800161086 /* NewsViewModel.swift */,
			);
			path = News;
			sourceTree = "<group>";
		};
		14C76FFA2901A91400161086 /* Madruga */ = {
			isa = PBXGroup;
			children = (
				147C41382900379F00957284 /* MadrugaView.swift */,
				147C413E2900433B00957284 /* MadrugaDetailsView.swift */,
			);
			path = Madruga;
			sourceTree = "<group>";
		};
		14D4D24628FF2357009DA777 = {
			isa = PBXGroup;
			children = (
				14D4D25128FF2357009DA777 /* swiftUI_2 */,
				14D4D25028FF2357009DA777 /* Products */,
			);
			sourceTree = "<group>";
		};
		14D4D25028FF2357009DA777 /* Products */ = {
			isa = PBXGroup;
			children = (
				14D4D24F28FF2357009DA777 /* swiftUI_2.app */,
			);
			name = Products;
			sourceTree = "<group>";
		};
		14D4D25128FF2357009DA777 /* swiftUI_2 */ = {
			isa = PBXGroup;
			children = (
				148687A528FF5A96000C3EBA /* AppUtils */,
				148687A428FF5A8A000C3EBA /* AppDelegate */,
				147C41342900150100957284 /* View_0.swift */,
				14C76FF7290199CC00161086 /* News */,
				147C41362900275200957284 /* WheaterView.swift */,
				14C76FFA2901A91400161086 /* Madruga */,
				14C76FF82901A7C200161086 /* View_5.swift */,
				14D4D25828FF2359009DA777 /* Preview Content */,
			);
			path = swiftUI_2;
			sourceTree = "<group>";
		};
		14D4D25828FF2359009DA777 /* Preview Content */ = {
			isa = PBXGroup;
			children = (
				14D4D25928FF2359009DA777 /* Preview Assets.xcassets */,
			);
			path = "Preview Content";
			sourceTree = "<group>";
		};
/* End PBXGroup section */

/* Begin PBXNativeTarget section */
		14D4D24E28FF2357009DA777 /* swiftUI_2 */ = {
			isa = PBXNativeTarget;
			buildConfigurationList = 14D4D25D28FF2359009DA777 /* Build configuration list for PBXNativeTarget "swiftUI_2" */;
			buildPhases = (
				14D4D24B28FF2357009DA777 /* Sources */,
				14D4D24C28FF2357009DA777 /* Frameworks */,
				14D4D24D28FF2357009DA777 /* Resources */,
			);
			buildRules = (
			);
			dependencies = (
			);
			name = swiftUI_2;
			productName = swiftUI_2;
			productReference = 14D4D24F28FF2357009DA777 /* swiftUI_2.app */;
			productType = "com.apple.product-type.application";
		};
/* End PBXNativeTarget section */

/* Begin PBXProject section */
		14D4D24728FF2357009DA777 /* Project object */ = {
			isa = PBXProject;
			attributes = {
				BuildIndependentTargetsInParallel = 1;
				LastSwiftUpdateCheck = 1400;
				LastUpgradeCheck = 1400;
				TargetAttributes = {
					14D4D24E28FF2357009DA777 = {
						CreatedOnToolsVersion = 14.0.1;
					};
				};
			};
			buildConfigurationList = 14D4D24A28FF2357009DA777 /* Build configuration list for PBXProject "swiftUI_2" */;
			compatibilityVersion = "Xcode 14.0";
			developmentRegion = en;
			hasScannedForEncodings = 0;
			knownRegions = (
				en,
				Base,
			);
			mainGroup = 14D4D24628FF2357009DA777;
			productRefGroup = 14D4D25028FF2357009DA777 /* Products */;
			projectDirPath = "";
			projectRoot = "";
			targets = (
				14D4D24E28FF2357009DA777 /* swiftUI_2 */,
			);
		};
/* End PBXProject section */

/* Begin PBXResourcesBuildPhase section */
		14D4D24D28FF2357009DA777 /* Resources */ = {
			isa = PBXResourcesBuildPhase;
			buildActionMask = 2147483647;
			files = (
				14D4D25A28FF2359009DA777 /* Preview Assets.xcassets in Resources */,
				14D4D25728FF2359009DA777 /* Assets.xcassets in Resources */,
			);
			runOnlyForDeploymentPostprocessing = 0;
		};
/* End PBXResourcesBuildPhase section */

/* Begin PBXSourcesBuildPhase section */
		14D4D24B28FF2357009DA777 /* Sources */ = {
			isa = PBXSourcesBuildPhase;
			buildActionMask = 2147483647;
			files = (
				147C41372900275200957284 /* WheaterView.swift in Sources */,
				148687A728FF5AA7000C3EBA /* Create.swift in Sources */,
				14C76FF32901924900161086 /* NetWork.swift in Sources */,
				147C41392900379F00957284 /* MadrugaView.swift in Sources */,
				147C41352900150100957284 /* View_0.swift in Sources */,
				148687A928FF60F7000C3EBA /* Assets.swift in Sources */,
				142072BC2901800800A5E497 /* NewsView.swift in Sources */,
				142072BE2901909600A5E497 /* News.swift in Sources */,
				147C413F2900433B00957284 /* MadrugaDetailsView.swift in Sources */,
				14D4D25328FF2357009DA777 /* swiftUI_2App.swift in Sources */,
				147C413D29003E6B00957284 /* Phrase.swift in Sources */,
				14C76FF62901939800161086 /* NewsViewModel.swift in Sources */,
				14C76FF92901A7C200161086 /* View_5.swift in Sources */,
			);
			runOnlyForDeploymentPostprocessing = 0;
		};
/* End PBXSourcesBuildPhase section */

/* Begin XCBuildConfiguration section */
		14D4D25B28FF2359009DA777 /* Debug */ = {
			isa = XCBuildConfiguration;
			buildSettings = {
				ALWAYS_SEARCH_USER_PATHS = NO;
				CLANG_ANALYZER_NONNULL = YES;
				CLANG_ANALYZER_NUMBER_OBJECT_CONVERSION = YES_AGGRESSIVE;
				CLANG_CXX_LANGUAGE_STANDARD = "gnu++20";
				CLANG_ENABLE_MODULES = YES;
				CLANG_ENABLE_OBJC_ARC = YES;
				CLANG_ENABLE_OBJC_WEAK = YES;
				CLANG_WARN_BLOCK_CAPTURE_AUTORELEASING = YES;
				CLANG_WARN_BOOL_CONVERSION = YES;
				CLANG_WARN_COMMA = YES;
				CLANG_WARN_CONSTANT_CONVERSION = YES;
				CLANG_WARN_DEPRECATED_OBJC_IMPLEMENTATIONS = YES;
				CLANG_WARN_DIRECT_OBJC_ISA_USAGE = YES_ERROR;
				CLANG_WARN_DOCUMENTATION_COMMENTS = YES;
				CLANG_WARN_EMPTY_BODY = YES;
				CLANG_WARN_ENUM_CONVERSION = YES;
				CLANG_WARN_INFINITE_RECURSION = YES;
				CLANG_WARN_INT_CONVERSION = YES;
				CLANG_WARN_NON_LITERAL_NULL_CONVERSION = YES;
				CLANG_WARN_OBJC_IMPLICIT_RETAIN_SELF = YES;
				CLANG_WARN_OBJC_LITERAL_CONVERSION = YES;
				CLANG_WARN_OBJC_ROOT_CLASS = YES_ERROR;
				CLANG_WARN_QUOTED_INCLUDE_IN_FRAMEWORK_HEADER = YES;
				CLANG_WARN_RANGE_LOOP_ANALYSIS = YES;
				CLANG_WARN_STRICT_PROTOTYPES = YES;
				CLANG_WARN_SUSPICIOUS_MOVE = YES;
				CLANG_WARN_UNGUARDED_AVAILABILITY = YES_AGGRESSIVE;
				CLANG_WARN_UNREACHABLE_CODE = YES;
				CLANG_WARN__DUPLICATE_METHOD_MATCH = YES;
				COPY_PHASE_STRIP = NO;
				DEBUG_INFORMATION_FORMAT = dwarf;
				ENABLE_STRICT_OBJC_MSGSEND = YES;
				ENABLE_TESTABILITY = YES;
				GCC_C_LANGUAGE_STANDARD = gnu11;
				GCC_DYNAMIC_NO_PIC = NO;
				GCC_NO_COMMON_BLOCKS = YES;
				GCC_OPTIMIZATION_LEVEL = 0;
				GCC_PREPROCESSOR_DEFINITIONS = (
					"DEBUG=1",
					"$(inherited)",
				);
				GCC_WARN_64_TO_32_BIT_CONVERSION = YES;
				GCC_WARN_ABOUT_RETURN_TYPE = YES_ERROR;
				GCC_WARN_UNDECLARED_SELECTOR = YES;
				GCC_WARN_UNINITIALIZED_AUTOS = YES_AGGRESSIVE;
				GCC_WARN_UNUSED_FUNCTION = YES;
				GCC_WARN_UNUSED_VARIABLE = YES;
				IPHONEOS_DEPLOYMENT_TARGET = 16.0;
				MTL_ENABLE_DEBUG_INFO = INCLUDE_SOURCE;
				MTL_FAST_MATH = YES;
				ONLY_ACTIVE_ARCH = YES;
				SDKROOT = iphoneos;
				SWIFT_ACTIVE_COMPILATION_CONDITIONS = DEBUG;
				SWIFT_OPTIMIZATION_LEVEL = "-Onone";
			};
			name = Debug;
		};
		14D4D25C28FF2359009DA777 /* Release */ = {
			isa = XCBuildConfiguration;
			buildSettings = {
				ALWAYS_SEARCH_USER_PATHS = NO;
				CLANG_ANALYZER_NONNULL = YES;
				CLANG_ANALYZER_NUMBER_OBJECT_CONVERSION = YES_AGGRESSIVE;
				CLANG_CXX_LANGUAGE_STANDARD = "gnu++20";
				CLANG_ENABLE_MODULES = YES;
				CLANG_ENABLE_OBJC_ARC = YES;
				CLANG_ENABLE_OBJC_WEAK = YES;
				CLANG_WARN_BLOCK_CAPTURE_AUTORELEASING = YES;
				CLANG_WARN_BOOL_CONVERSION = YES;
				CLANG_WARN_COMMA = YES;
				CLANG_WARN_CONSTANT_CONVERSION = YES;
				CLANG_WARN_DEPRECATED_OBJC_IMPLEMENTATIONS = YES;
				CLANG_WARN_DIRECT_OBJC_ISA_USAGE = YES_ERROR;
				CLANG_WARN_DOCUMENTATION_COMMENTS = YES;
				CLANG_WARN_EMPTY_BODY = YES;
				CLANG_WARN_ENUM_CONVERSION = YES;
				CLANG_WARN_INFINITE_RECURSION = YES;
				CLANG_WARN_INT_CONVERSION = YES;
				CLANG_WARN_NON_LITERAL_NULL_CONVERSION = YES;
				CLANG_WARN_OBJC_IMPLICIT_RETAIN_SELF = YES;
				CLANG_WARN_OBJC_LITERAL_CONVERSION = YES;
				CLANG_WARN_OBJC_ROOT_CLASS = YES_ERROR;
				CLANG_WARN_QUOTED_INCLUDE_IN_FRAMEWORK_HEADER = YES;
				CLANG_WARN_RANGE_LOOP_ANALYSIS = YES;
				CLANG_WARN_STRICT_PROTOTYPES = YES;
				CLANG_WARN_SUSPICIOUS_MOVE = YES;
				CLANG_WARN_UNGUARDED_AVAILABILITY = YES_AGGRESSIVE;
				CLANG_WARN_UNREACHABLE_CODE = YES;
				CLANG_WARN__DUPLICATE_METHOD_MATCH = YES;
				COPY_PHASE_STRIP = NO;
				DEBUG_INFORMATION_FORMAT = "dwarf-with-dsym";
				ENABLE_NS_ASSERTIONS = NO;
				ENABLE_STRICT_OBJC_MSGSEND = YES;
				GCC_C_LANGUAGE_STANDARD = gnu11;
				GCC_NO_COMMON_BLOCKS = YES;
				GCC_WARN_64_TO_32_BIT_CONVERSION = YES;
				GCC_WARN_ABOUT_RETURN_TYPE = YES_ERROR;
				GCC_WARN_UNDECLARED_SELECTOR = YES;
				GCC_WARN_UNINITIALIZED_AUTOS = YES_AGGRESSIVE;
				GCC_WARN_UNUSED_FUNCTION = YES;
				GCC_WARN_UNUSED_VARIABLE = YES;
				IPHONEOS_DEPLOYMENT_TARGET = 16.0;
				MTL_ENABLE_DEBUG_INFO = NO;
				MTL_FAST_MATH = YES;
				SDKROOT = iphoneos;
				SWIFT_COMPILATION_MODE = wholemodule;
				SWIFT_OPTIMIZATION_LEVEL = "-O";
				VALIDATE_PRODUCT = YES;
			};
			name = Release;
		};
		14D4D25E28FF2359009DA777 /* Debug */ = {
			isa = XCBuildConfiguration;
			buildSettings = {
				ASSETCATALOG_COMPILER_APPICON_NAME = AppIcon;
				ASSETCATALOG_COMPILER_GLOBAL_ACCENT_COLOR_NAME = AccentColor;
				CODE_SIGN_STYLE = Automatic;
				CURRENT_PROJECT_VERSION = 1;
				DEVELOPMENT_ASSET_PATHS = "\"swiftUI_2/Preview Content\"";
				ENABLE_PREVIEWS = YES;
				GENERATE_INFOPLIST_FILE = YES;
				INFOPLIST_KEY_UIApplicationSceneManifest_Generation = YES;
				INFOPLIST_KEY_UIApplicationSupportsIndirectInputEvents = YES;
				INFOPLIST_KEY_UILaunchScreen_Generation = YES;
				INFOPLIST_KEY_UISupportedInterfaceOrientations_iPad = "UIInterfaceOrientationPortrait UIInterfaceOrientationPortraitUpsideDown UIInterfaceOrientationLandscapeLeft UIInterfaceOrientationLandscapeRight";
				INFOPLIST_KEY_UISupportedInterfaceOrientations_iPhone = "UIInterfaceOrientationPortrait UIInterfaceOrientationLandscapeLeft UIInterfaceOrientationLandscapeRight";
				LD_RUNPATH_SEARCH_PATHS = (
					"$(inherited)",
					"@executable_path/Frameworks",
				);
				MARKETING_VERSION = 1.0;
				PRODUCT_BUNDLE_IDENTIFIER = "-Sys.swiftUI-2";
				PRODUCT_NAME = "$(TARGET_NAME)";
				SWIFT_EMIT_LOC_STRINGS = YES;
				SWIFT_VERSION = 5.0;
				TARGETED_DEVICE_FAMILY = "1,2";
			};
			name = Debug;
		};
		14D4D25F28FF2359009DA777 /* Release */ = {
			isa = XCBuildConfiguration;
			buildSettings = {
				ASSETCATALOG_COMPILER_APPICON_NAME = AppIcon;
				ASSETCATALOG_COMPILER_GLOBAL_ACCENT_COLOR_NAME = AccentColor;
				CODE_SIGN_STYLE = Automatic;
				CURRENT_PROJECT_VERSION = 1;
				DEVELOPMENT_ASSET_PATHS = "\"swiftUI_2/Preview Content\"";
				ENABLE_PREVIEWS = YES;
				GENERATE_INFOPLIST_FILE = YES;
				INFOPLIST_KEY_UIApplicationSceneManifest_Generation = YES;
				INFOPLIST_KEY_UIApplicationSupportsIndirectInputEvents = YES;
				INFOPLIST_KEY_UILaunchScreen_Generation = YES;
				INFOPLIST_KEY_UISupportedInterfaceOrientations_iPad = "UIInterfaceOrientationPortrait UIInterfaceOrientationPortraitUpsideDown UIInterfaceOrientationLandscapeLeft UIInterfaceOrientationLandscapeRight";
				INFOPLIST_KEY_UISupportedInterfaceOrientations_iPhone = "UIInterfaceOrientationPortrait UIInterfaceOrientationLandscapeLeft UIInterfaceOrientationLandscapeRight";
				LD_RUNPATH_SEARCH_PATHS = (
					"$(inherited)",
					"@executable_path/Frameworks",
				);
				MARKETING_VERSION = 1.0;
				PRODUCT_BUNDLE_IDENTIFIER = "-Sys.swiftUI-2";
				PRODUCT_NAME = "$(TARGET_NAME)";
				SWIFT_EMIT_LOC_STRINGS = YES;
				SWIFT_VERSION = 5.0;
				TARGETED_DEVICE_FAMILY = "1,2";
			};
			name = Release;
		};
/* End XCBuildConfiguration section */

/* Begin XCConfigurationList section */
		14D4D24A28FF2357009DA777 /* Build configuration list for PBXProject "swiftUI_2" */ = {
			isa = XCConfigurationList;
			buildConfigurations = (
				14D4D25B28FF2359009DA777 /* Debug */,
				14D4D25C28FF2359009DA777 /* Release */,
			);
			defaultConfigurationIsVisible = 0;
			defaultConfigurationName = Release;
		};
		14D4D25D28FF2359009DA777 /* Build configuration list for PBXNativeTarget "swiftUI_2" */ = {
			isa = XCConfigurationList;
			buildConfigurations = (
				14D4D25E28FF2359009DA777 /* Debug */,
				14D4D25F28FF2359009DA777 /* Release */,
			);
			defaultConfigurationIsVisible = 0;
			defaultConfigurationName = Release;
		};
/* End XCConfigurationList section */
	};
	rootObject = 14D4D24728FF2357009DA777 /* Project object */;
}
